
Microsoft Visual Studio Solution File, Format Version 12.00
# Visual Studio 14
VisualStudioVersion = 14.0.25420.1
MinimumVisualStudioVersion = 10.0.40219.1
Project("{FAE04EC0-301F-11D3-BF4B-00C04F79EFBC}") = "Warehouse.Model", "Warehouse.Model\Warehouse.Model.csproj", "{C48419B3-665D-4A25-BB51-F71C1F284570}"
EndProject
Project("{FAE04EC0-301F-11D3-BF4B-00C04F79EFBC}") = "Warehouse.Dal", "Warehouse.Dal\Warehouse.Dal.csproj", "{EB606866-D84C-4589-B378-4DCDCE87600B}"
EndProject
Project("{FAE04EC0-301F-11D3-BF4B-00C04F79EFBC}") = "Warehouse.Bll", "Warehouse.Bll\Warehouse.Bll.csproj", "{9FCE5701-B887-476D-8E18-9E608CADC3B1}"
EndProject
Project("{FAE04EC0-301F-11D3-BF4B-00C04F79EFBC}") = "Warehouse.Data.Sqllite", "Warehouse.Data.Sqllite\Warehouse.Data.Sqllite.csproj", "{01A1CD50-576D-4018-B6C5-2E7AD0A94ABE}"
EndProject
Project("{FAE04EC0-301F-11D3-BF4B-00C04F79EFBC}") = "Warehouse.Data", "Warehouse.Data\Warehouse.Data.csproj", "{29E0939A-EA4D-44B8-BC75-C14B9551ED36}"
EndProject
Project("{FAE04EC0-301F-11D3-BF4B-00C04F79EFBC}") = "Warehouse.Facroty", "Warehouse.Facroty\Warehouse.Facroty.csproj", "{94EF5967-D8EC-42E6-955D-F087494ED656}"
EndProject
Project("{FAE04EC0-301F-11D3-BF4B-00C04F79EFBC}") = "Warehouse.Struct", "Warehouse.Struct\Warehouse.Struct.csproj", "{CCE01E13-5CA3-4DDE-82CE-E60B64A3E14C}"
EndProject
Project("{FAE04EC0-301F-11D3-BF4B-00C04F79EFBC}") = "Warehouse.Enum", "Warehouse.Enum\Warehouse.Enum.csproj", "{11B0B136-D7C1-4029-9EE7-BC3FB29FB136}"
EndProject
Project("{FAE04EC0-301F-11D3-BF4B-00C04F79EFBC}") = "Warehouse.Commnon", "Warehouse.Commnon\Warehouse.Commnon.csproj", "{6FC9472C-7249-48EE-A8BA-353B30955FC9}"
EndProject
Project("{FAE04EC0-301F-11D3-BF4B-00C04F79EFBC}") = "MYHGTOOLS", "MYHGTOOLS\MYHGTOOLS.csproj", "{78E82590-A72C-4050-873F-BFE5F3EC6CCB}"
EndProject
Global
	GlobalSection(SolutionConfigurationPlatforms) = preSolution
		Debug|Any CPU = Debug|Any CPU
		Release|Any CPU = Release|Any CPU
	EndGlobalSection
	GlobalSection(ProjectConfigurationPlatforms) = postSolution
		{C48419B3-665D-4A25-BB51-F71C1F284570}.Debug|Any CPU.ActiveCfg = Debug|Any CPU
		{C48419B3-665D-4A25-BB51-F71C1F284570}.Debug|Any CPU.Build.0 = Debug|Any CPU
		{C48419B3-665D-4A25-BB51-F71C1F284570}.Release|Any CPU.ActiveCfg = Release|Any CPU
		{C48419B3-665D-4A25-BB51-F71C1F284570}.Release|Any CPU.Build.0 = Release|Any CPU
		{EB606866-D84C-4589-B378-4DCDCE87600B}.Debug|Any CPU.ActiveCfg = Debug|Any CPU
		{EB606866-D84C-4589-B378-4DCDCE87600B}.Debug|Any CPU.Build.0 = Debug|Any CPU
		{EB606866-D84C-4589-B378-4DCDCE87600B}.Release|Any CPU.ActiveCfg = Release|Any CPU
		{EB606866-D84C-4589-B378-4DCDCE87600B}.Release|Any CPU.Build.0 = Release|Any CPU
		{9FCE5701-B887-476D-8E18-9E608CADC3B1}.Debug|Any CPU.ActiveCfg = Debug|Any CPU
		{9FCE5701-B887-476D-8E18-9E608CADC3B1}.Debug|Any CPU.Build.0 = Debug|Any CPU
		{9FCE5701-B887-476D-8E18-9E608CADC3B1}.Release|Any CPU.ActiveCfg = Release|Any CPU
		{9FCE5701-B887-476D-8E18-9E608CADC3B1}.Release|Any CPU.Build.0 = Release|Any CPU
		{01A1CD50-576D-4018-B6C5-2E7AD0A94ABE}.Debug|Any CPU.ActiveCfg = Debug|Any CPU
		{01A1CD50-576D-4018-B6C5-2E7AD0A94ABE}.Debug|Any CPU.Build.0 = Debug|Any CPU
		{01A1CD50-576D-4018-B6C5-2E7AD0A94ABE}.Release|Any CPU.ActiveCfg = Release|Any CPU
		{01A1CD50-576D-4018-B6C5-2E7AD0A94ABE}.Release|Any CPU.Build.0 = Release|Any CPU
		{29E0939A-EA4D-44B8-BC75-C14B9551ED36}.Debug|Any CPU.ActiveCfg = Debug|Any CPU
		{29E0939A-EA4D-44B8-BC75-C14B9551ED36}.Debug|Any CPU.Build.0 = Debug|Any CPU
		{29E0939A-EA4D-44B8-BC75-C14B9551ED36}.Release|Any CPU.ActiveCfg = Release|Any CPU
		{29E0939A-EA4D-44B8-BC75-C14B9551ED36}.Release|Any CPU.Build.0 = Release|Any CPU
		{94EF5967-D8EC-42E6-955D-F087494ED656}.Debug|Any CPU.ActiveCfg = Debug|Any CPU
		{94EF5967-D8EC-42E6-955D-F087494ED656}.Debug|Any CPU.Build.0 = Debug|Any CPU
		{94EF5967-D8EC-42E6-955D-F087494ED656}.Release|Any CPU.ActiveCfg = Release|Any CPU
		{94EF5967-D8EC-42E6-955D-F087494ED656}.Release|Any CPU.Build.0 = Release|Any CPU
		{CCE01E13-5CA3-4DDE-82CE-E60B64A3E14C}.Debug|Any CPU.ActiveCfg = Debug|Any CPU
		{CCE01E13-5CA3-4DDE-82CE-E60B64A3E14C}.Debug|Any CPU.Build.0 = Debug|Any CPU
		{CCE01E13-5CA3-4DDE-82CE-E60B64A3E14C}.Release|Any CPU.ActiveCfg = Release|Any CPU
		{CCE01E13-5CA3-4DDE-82CE-E60B64A3E14C}.Release|Any CPU.Build.0 = Release|Any CPU
		{11B0B136-D7C1-4029-9EE7-BC3FB29FB136}.Debug|Any CPU.ActiveCfg = Debug|Any CPU
		{11B0B136-D7C1-4029-9EE7-BC3FB29FB136}.Debug|Any CPU.Build.0 = Debug|Any CPU
		{11B0B136-D7C1-4029-9EE7-BC3FB29FB136}.Release|Any CPU.ActiveCfg = Release|Any CPU
		{11B0B136-D7C1-4029-9EE7-BC3FB29FB136}.Release|Any CPU.Build.0 = Release|Any CPU
		{6FC9472C-7249-48EE-A8BA-353B30955FC9}.Debug|Any CPU.ActiveCfg = Debug|Any CPU
		{6FC9472C-7249-48EE-A8BA-353B30955FC9}.Debug|Any CPU.Build.0 = Debug|Any CPU
		{6FC9472C-7249-48EE-A8BA-353B30955FC9}.Release|Any CPU.ActiveCfg = Release|Any CPU
		{6FC9472C-7249-48EE-A8BA-353B30955FC9}.Release|Any CPU.Build.0 = Release|Any CPU
		{78E82590-A72C-4050-873F-BFE5F3EC6CCB}.Debug|Any CPU.ActiveCfg = Debug|Any CPU
		{78E82590-A72C-4050-873F-BFE5F3EC6CCB}.Debug|Any CPU.Build.0 = Debug|Any CPU
		{78E82590-A72C-4050-873F-BFE5F3EC6CCB}.Release|Any CPU.ActiveCfg = Release|Any CPU
		{78E82590-A72C-4050-873F-BFE5F3EC6CCB}.Release|Any CPU.Build.0 = Release|Any CPU
	EndGlobalSection
	GlobalSection(SolutionProperties) = preSolution
		HideSolutionNode = FALSE
	EndGlobalSection
EndGlobal
